Microsoft Visual Studio Solution File, Format Version 11.00
# Visual Studio 2010
Project("{8BC9CEB8-8B4A-11D0-8D11-00A0C91BC942}") = "PIXWkshpPlugin", "PIXWkshpPlugin_2010.vcxproj", "{700EC69B-692D-4218-AA90-23CAE933E587}"
EndProject
Global
	GlobalSection(SolutionConfigurationPlatforms) = preSolution
		Debug|Win32 = Debug|Win32
		Debug|x64 = Debug|x64
		Profile|Win32 = Profile|Win32
		Profile|x64 = Profile|x64
		Release|Win32 = Release|Win32
		Release|x64 = Release|x64
	EndGlobalSection
	GlobalSection(ProjectConfigurationPlatforms) = postSolution
		{700EC69B-692D-4218-AA90-23CAE933E587}.Debug|Win32.ActiveCfg = Debug|Win32
		{700EC69B-692D-4218-AA90-23CAE933E587}.Debug|Win32.Build.0 = Debug|Win32
		{700EC69B-692D-4218-AA90-23CAE933E587}.Debug|x64.ActiveCfg = Debug|x64
		{700EC69B-692D-4218-AA90-23CAE933E587}.Debug|x64.Build.0 = Debug|x64
		{700EC69B-692D-4218-AA90-23CAE933E587}.Profile|Win32.ActiveCfg = Profile|Win32
		{700EC69B-692D-4218-AA90-23CAE933E587}.Profile|Win32.Build.0 = Profile|Win32
		{700EC69B-692D-4218-AA90-23CAE933E587}.Profile|x64.ActiveCfg = Profile|x64
		{700EC69B-692D-4218-AA90-23CAE933E587}.Profile|x64.Build.0 = Profile|x64
		{700EC69B-692D-4218-AA90-23CAE933E587}.Release|Win32.ActiveCfg = Release|Win32
		{700EC69B-692D-4218-AA90-23CAE933E587}.Release|Win32.Build.0 = Release|Win32
		{700EC69B-692D-4218-AA90-23CAE933E587}.Release|x64.ActiveCfg = Release|x64
		{700EC69B-692D-4218-AA90-23CAE933E587}.Release|x64.Build.0 = Release|x64
	EndGlobalSection
	GlobalSection(SolutionProperties) = preSolution
		HideSolutionNode = FALSE
	EndGlobalSection
EndGlobal
