
Microsoft Visual Studio Solution File, Format Version 12.00
# Visual Studio Version 16
VisualStudioVersion = 16.0.31019.35
MinimumVisualStudioVersion = 10.0.40219.1
Project("{8BC9CEB8-8B4A-11D0-8D11-00A0C91BC942}") = "PlaySound", "PlaySound_2019.vcxproj", "{EC34B703-D090-45E7-9F43-693CCECA96DE}"
EndProject
Global
	GlobalSection(SolutionConfigurationPlatforms) = preSolution
		Debug|x64 = Debug|x64
		Debug|Win32 = Debug|Win32
		Release|x64 = Release|x64
		Release|Win32 = Release|Win32
	EndGlobalSection
	GlobalSection(ProjectConfigurationPlatforms) = postSolution
		{EC34B703-D090-45E7-9F43-693CCECA96DE}.Debug|x64.ActiveCfg = Debug|x64
		{EC34B703-D090-45E7-9F43-693CCECA96DE}.Debug|x64.Build.0 = Debug|x64
		{EC34B703-D090-45E7-9F43-693CCECA96DE}.Debug|Win32.ActiveCfg = Debug|Win32
		{EC34B703-D090-45E7-9F43-693CCECA96DE}.Debug|Win32.Build.0 = Debug|Win32
		{EC34B703-D090-45E7-9F43-693CCECA96DE}.Release|x64.ActiveCfg = Release|x64
		{EC34B703-D090-45E7-9F43-693CCECA96DE}.Release|x64.Build.0 = Release|x64
		{EC34B703-D090-45E7-9F43-693CCECA96DE}.Release|Win32.ActiveCfg = Release|Win32
		{EC34B703-D090-45E7-9F43-693CCECA96DE}.Release|Win32.Build.0 = Release|Win32
	EndGlobalSection
	GlobalSection(SolutionProperties) = preSolution
		HideSolutionNode = FALSE
	EndGlobalSection
	GlobalSection(ExtensibilityGlobals) = postSolution
		SolutionGuid = {A66A88EA-7434-4CC2-8F98-C9F442722EA5}
	EndGlobalSection
EndGlobal
